// !$*UTF8*$!
{
	archiveVersion = 1;
	classes = {
	};
	objectVersion = 50;
	objects = {

/* Begin PBXBuildFile section */
		8F157933022F393A5CF3F9BA /* Pods_StarWarsFans.framework in Frameworks */ = {isa = PBXBuildFile; fileRef = A242833DBE08141C63935B75 /* Pods_StarWarsFans.framework */; };
		91466317212C6CC0001EA148 /* AppDelegate.swift in Sources */ = {isa = PBXBuildFile; fileRef = 91466316212C6CC0001EA148 /* AppDelegate.swift */; };
		91466319212C6CC0001EA148 /* ViewController.swift in Sources */ = {isa = PBXBuildFile; fileRef = 91466318212C6CC0001EA148 /* ViewController.swift */; };
		9146631C212C6CC0001EA148 /* Main.storyboard in Resources */ = {isa = PBXBuildFile; fileRef = 9146631A212C6CC0001EA148 /* Main.storyboard */; };
		9146631E212C6CC1001EA148 /* Assets.xcassets in Resources */ = {isa = PBXBuildFile; fileRef = 9146631D212C6CC1001EA148 /* Assets.xcassets */; };
		91466321212C6CC1001EA148 /* LaunchScreen.storyboard in Resources */ = {isa = PBXBuildFile; fileRef = 9146631F212C6CC1001EA148 /* LaunchScreen.storyboard */; };
/* End PBXBuildFile section */

/* Begin PBXFileReference section */
		774949EF7A33C7FC0DBA0D23 /* Pods-StarWarsFans.release.xcconfig */ = {isa = PBXFileReference; includeInIndex = 1; lastKnownFileType = text.xcconfig; name = "Pods-StarWarsFans.release.xcconfig"; path = "Pods/Target Support Files/Pods-StarWarsFans/Pods-StarWarsFans.release.xcconfig"; sourceTree = "<group>"; };
		91466313212C6CC0001EA148 /* StarWarsFans.app */ = {isa = PBXFileReference; explicitFileType = wrapper.application; includeInIndex = 0; path = StarWarsFans.app; sourceTree = BUILT_PRODUCTS_DIR; };
		91466316212C6CC0001EA148 /* AppDelegate.swift */ = {isa = PBXFileReference; lastKnownFileType = sourcecode.swift; path = AppDelegate.swift; sourceTree = "<group>"; };
		91466318212C6CC0001EA148 /* ViewController.swift */ = {isa = PBXFileReference; lastKnownFileType = sourcecode.swift; path = ViewController.swift; sourceTree = "<group>"; };
		9146631B212C6CC0001EA148 /* Base */ = {isa = PBXFileReference; lastKnownFileType = file.storyboard; name = Base; path = Base.lproj/Main.storyboard; sourceTree = "<group>"; };
		9146631D212C6CC1001EA148 /* Assets.xcassets */ = {isa = PBXFileReference; lastKnownFileType = folder.assetcatalog; path = Assets.xcassets; sourceTree = "<group>"; };
		91466320212C6CC1001EA148 /* Base */ = {isa = PBXFileReference; lastKnownFileType = file.storyboard; name = Base; path = Base.lproj/LaunchScreen.storyboard; sourceTree = "<group>"; };
		91466322212C6CC1001EA148 /* Info.plist */ = {isa = PBXFileReference; lastKnownFileType = text.plist.xml; path = Info.plist; sourceTree = "<group>"; };
		A242833DBE08141C63935B75 /* Pods_StarWarsFans.framework */ = {isa = PBXFileReference; explicitFileType = wrapper.framework; includeInIndex = 0; path = Pods_StarWarsFans.framework; sourceTree = BUILT_PRODUCTS_DIR; };
		CF00C515B56E58D0F12818CF /* Pods-StarWarsFans.debug.xcconfig */ = {isa = PBXFileReference; includeInIndex = 1; lastKnownFileType = text.xcconfig; name = "Pods-StarWarsFans.debug.xcconfig"; path = "Pods/Target Support Files/Pods-StarWarsFans/Pods-StarWarsFans.debug.xcconfig"; sourceTree = "<group>"; };
/* End PBXFileReference section */

/* Begin PBXFrameworksBuildPhase section */
		91466310212C6CC0001EA148 /* Frameworks */ = {
			isa = PBXFrameworksBuildPhase;
			buildActionMask = 2147483647;
			files = (
				8F157933022F393A5CF3F9BA /* Pods_StarWarsFans.framework in Frameworks */,
			);
			runOnlyForDeploymentPostprocessing = 0;
		};
/* End PBXFrameworksBuildPhase section */

/* Begin PBXGroup section */
		27F98C29C135BCDC908DD4D9 /* Frameworks */ = {
			isa = PBXGroup;
			children = (
				A242833DBE08141C63935B75 /* Pods_StarWarsFans.framework */,
			);
			name = Frameworks;
			sourceTree = "<group>";
		};
		9146630A212C6CC0001EA148 = {
			isa = PBXGroup;
			children = (
				91466315212C6CC0001EA148 /* StarWarsFans */,
				91466314212C6CC0001EA148 /* Products */,
				9CB1C0BE8FCB95BD2BE48076 /* Pods */,
				27F98C29C135BCDC908DD4D9 /* Frameworks */,
			);
			sourceTree = "<group>";
		};
		91466314212C6CC0001EA148 /* Products */ = {
			isa = PBXGroup;
			children = (
				91466313212C6CC0001EA148 /* StarWarsFans.app */,
			);
			name = Products;
			sourceTree = "<group>";
		};
		91466315212C6CC0001EA148 /* StarWarsFans */ = {
			isa = PBXGroup;
			children = (
				91466316212C6CC0001EA148 /* AppDelegate.swift */,
				91466318212C6CC0001EA148 /* ViewController.swift */,
				9146631A212C6CC0001EA148 /* Main.storyboard */,
				9146631D212C6CC1001EA148 /* Assets.xcassets */,
				9146631F212C6CC1001EA148 /* LaunchScreen.storyboard */,
				91466322212C6CC1001EA148 /* Info.plist */,
			);
			path = StarWarsFans;
			sourceTree = "<group>";
		};
		9CB1C0BE8FCB95BD2BE48076 /* Pods */ = {
			isa = PBXGroup;
			children = (
				CF00C515B56E58D0F12818CF /* Pods-StarWarsFans.debug.xcconfig */,
				774949EF7A33C7FC0DBA0D23 /* Pods-StarWarsFans.release.xcconfig */,
			);
			name = Pods;
			sourceTree = "<group>";
		};
/* End PBXGroup section */

/* Begin PBXNativeTarget section */
		91466312212C6CC0001EA148 /* StarWarsFans */ = {
			isa = PBXNativeTarget;
			buildConfigurationList = 91466325212C6CC1001EA148 /* Build configuration list for PBXNativeTarget "StarWarsFans" */;
			buildPhases = (
				3F7CB38153C7C838B248C195 /* [CP] Check Pods Manifest.lock */,
				9146630F212C6CC0001EA148 /* Sources */,
				91466310212C6CC0001EA148 /* Frameworks */,
				91466311212C6CC0001EA148 /* Resources */,
				F593C900270E22C5C0D96101 /* [CP] Embed Pods Frameworks */,
			);
			buildRules = (
			);
			dependencies = (
			);
			name = StarWarsFans;
			productName = StarWarsFans;
			productReference = 91466313212C6CC0001EA148 /* StarWarsFans.app */;
			productType = "com.apple.product-type.application";
		};
/* End PBXNativeTarget section */

/* Begin PBXProject section */
		9146630B212C6CC0001EA148 /* Project object */ = {
			isa = PBXProject;
			attributes = {
				LastSwiftUpdateCheck = 0940;
				LastUpgradeCheck = 0940;
				ORGANIZATIONNAME = "Angela Velilla";
				TargetAttributes = {
					91466312212C6CC0001EA148 = {
						CreatedOnToolsVersion = 9.4.1;
					};
				};
			};
			buildConfigurationList = 9146630E212C6CC0001EA148 /* Build configuration list for PBXProject "StarWarsFans" */;
			compatibilityVersion = "Xcode 9.3";
			developmentRegion = en;
			hasScannedForEncodings = 0;
			knownRegions = (
				en,
				Base,
			);
			mainGroup = 9146630A212C6CC0001EA148;
			productRefGroup = 91466314212C6CC0001EA148 /* Products */;
			projectDirPath = "";
			projectRoot = "";
			targets = (
				91466312212C6CC0001EA148 /* StarWarsFans */,
			);
		};
/* End PBXProject section */

/* Begin PBXResourcesBuildPhase section */
		91466311212C6CC0001EA148 /* Resources */ = {
			isa = PBXResourcesBuildPhase;
			buildActionMask = 2147483647;
			files = (
				91466321212C6CC1001EA148 /* LaunchScreen.storyboard in Resources */,
				9146631E212C6CC1001EA148 /* Assets.xcassets in Resources */,
				9146631C212C6CC0001EA148 /* Main.storyboard in Resources */,
			);
			runOnlyForDeploymentPostprocessing = 0;
		};
/* End PBXResourcesBuildPhase section */

/* Begin PBXShellScriptBuildPhase section */
		3F7CB38153C7C838B248C195 /* [CP] Check Pods Manifest.lock */ = {
			isa = PBXShellScriptBuildPhase;
			buildActionMask = 2147483647;
			files = (
			);
			inputPaths = (
				"${PODS_PODFILE_DIR_PATH}/Podfile.lock",
				"${PODS_ROOT}/Manifest.lock",
			);
			name = "[CP] Check Pods Manifest.lock";
			outputPaths = (
				"$(DERIVED_FILE_DIR)/Pods-StarWarsFans-checkManifestLockResult.txt",
			);
			runOnlyForDeploymentPostprocessing = 0;
			shellPath = /bin/sh;
			shellScript = "diff \"${PODS_PODFILE_DIR_PATH}/Podfile.lock\" \"${PODS_ROOT}/Manifest.lock\" > /dev/null\nif [ $? != 0 ] ; then\n    # print error to STDERR\n    echo \"error: The sandbox is not in sync with the Podfile.lock. Run 'pod install' or update your CocoaPods installation.\" >&2\n    exit 1\nfi\n# This output is used by Xcode 'outputs' to avoid re-running this script phase.\necho \"SUCCESS\" > \"${SCRIPT_OUTPUT_FILE_0}\"\n";
			showEnvVarsInLog = 0;
		};
		F593C900270E22C5C0D96101 /* [CP] Embed Pods Frameworks */ = {
			isa = PBXShellScriptBuildPhase;
			buildActionMask = 2147483647;
			files = (
			);
			inputPaths = (
				"${SRCROOT}/Pods/Target Support Files/Pods-StarWarsFans/Pods-StarWarsFans-frameworks.sh",
				"${BUILT_PRODUCTS_DIR}/Alamofire/Alamofire.framework",
			);
			name = "[CP] Embed Pods Frameworks";
			outputPaths = (
				"${TARGET_BUILD_DIR}/${FRAMEWORKS_FOLDER_PATH}/Alamofire.framework",
			);
			runOnlyForDeploymentPostprocessing = 0;
			shellPath = /bin/sh;
			shellScript = "\"${SRCROOT}/Pods/Target Support Files/Pods-StarWarsFans/Pods-StarWarsFans-frameworks.sh\"\n";
			showEnvVarsInLog = 0;
		};
/* End PBXShellScriptBuildPhase section */

/* Begin PBXSourcesBuildPhase section */
		9146630F212C6CC0001EA148 /* Sources */ = {
			isa = PBXSourcesBuildPhase;
			buildActionMask = 2147483647;
			files = (
				91466319212C6CC0001EA148 /* ViewController.swift in Sources */,
				91466317212C6CC0001EA148 /* AppDelegate.swift in Sources */,
			);
			runOnlyForDeploymentPostprocessing = 0;
		};
/* End PBXSourcesBuildPhase section */

/* Begin PBXVariantGroup section */
		9146631A212C6CC0001EA148 /* Main.storyboard */ = {
			isa = PBXVariantGroup;
			children = (
				9146631B212C6CC0001EA148 /* Base */,
			);
			name = Main.storyboard;
			sourceTree = "<group>";
		};
		9146631F212C6CC1001EA148 /* LaunchScreen.storyboard */ = {
			isa = PBXVariantGroup;
			children = (
				91466320212C6CC1001EA148 /* Base */,
			);
			name = LaunchScreen.storyboard;
			sourceTree = "<group>";
		};
/* End PBXVariantGroup section */

/* Begin XCBuildConfiguration section */
		91466323212C6CC1001EA148 /* Debug */ = {
			isa = XCBuildConfiguration;
			buildSettings = {
				ALWAYS_SEARCH_USER_PATHS = NO;
				CLANG_ANALYZER_NONNULL = YES;
				CLANG_ANALYZER_NUMBER_OBJECT_CONVERSION = YES_AGGRESSIVE;
				CLANG_CXX_LANGUAGE_STANDARD = "gnu++14";
				CLANG_CXX_LIBRARY = "libc++";
				CLANG_ENABLE_MODULES = YES;
				CLANG_ENABLE_OBJC_ARC = YES;
				CLANG_ENABLE_OBJC_WEAK = YES;
				CLANG_WARN_BLOCK_CAPTURE_AUTORELEASING = YES;
				CLANG_WARN_BOOL_CONVERSION = YES;
				CLANG_WARN_COMMA = YES;
				CLANG_WARN_CONSTANT_CONVERSION = YES;
				CLANG_WARN_DEPRECATED_OBJC_IMPLEMENTATIONS = YES;
				CLANG_WARN_DIRECT_OBJC_ISA_USAGE = YES_ERROR;
				CLANG_WARN_DOCUMENTATION_COMMENTS = YES;
				CLANG_WARN_EMPTY_BODY = YES;
				CLANG_WARN_ENUM_CONVERSION = YES;
				CLANG_WARN_INFINITE_RECURSION = YES;
				CLANG_WARN_INT_CONVERSION = YES;
				CLANG_WARN_NON_LITERAL_NULL_CONVERSION = YES;
				CLANG_WARN_OBJC_IMPLICIT_RETAIN_SELF = YES;
				CLANG_WARN_OBJC_LITERAL_CONVERSION = YES;
				CLANG_WARN_OBJC_ROOT_CLASS = YES_ERROR;
				CLANG_WARN_RANGE_LOOP_ANALYSIS = YES;
				CLANG_WARN_STRICT_PROTOTYPES = YES;
				CLANG_WARN_SUSPICIOUS_MOVE = YES;
				CLANG_WARN_UNGUARDED_AVAILABILITY = YES_AGGRESSIVE;
				CLANG_WARN_UNREACHABLE_CODE = YES;
				CLANG_WARN__DUPLICATE_METHOD_MATCH = YES;
				CODE_SIGN_IDENTITY = "iPhone Developer";
				COPY_PHASE_STRIP = NO;
				DEBUG_INFORMATION_FORMAT = dwarf;
				ENABLE_STRICT_OBJC_MSGSEND = YES;
				ENABLE_TESTABILITY = YES;
				GCC_C_LANGUAGE_STANDARD = gnu11;
				GCC_DYNAMIC_NO_PIC = NO;
				GCC_NO_COMMON_BLOCKS = YES;
				GCC_OPTIMIZATION_LEVEL = 0;
				GCC_PREPROCESSOR_DEFINITIONS = (
					"DEBUG=1",
					"$(inherited)",
				);
				GCC_WARN_64_TO_32_BIT_CONVERSION = YES;
				GCC_WARN_ABOUT_RETURN_TYPE = YES_ERROR;
				GCC_WARN_UNDECLARED_SELECTOR = YES;
				GCC_WARN_UNINITIALIZED_AUTOS = YES_AGGRESSIVE;
				GCC_WARN_UNUSED_FUNCTION = YES;
				GCC_WARN_UNUSED_VARIABLE = YES;
				IPHONEOS_DEPLOYMENT_TARGET = 11.4;
				MTL_ENABLE_DEBUG_INFO = YES;
				ONLY_ACTIVE_ARCH = YES;
				SDKROOT = iphoneos;
				SWIFT_ACTIVE_COMPILATION_CONDITIONS = DEBUG;
				SWIFT_OPTIMIZATION_LEVEL = "-Onone";
			};
			name = Debug;
		};
		91466324212C6CC1001EA148 /* Release */ = {
			isa = XCBuildConfiguration;
			buildSettings = {
				ALWAYS_SEARCH_USER_PATHS = NO;
				CLANG_ANALYZER_NONNULL = YES;
				CLANG_ANALYZER_NUMBER_OBJECT_CONVERSION = YES_AGGRESSIVE;
				CLANG_CXX_LANGUAGE_STANDARD = "gnu++14";
				CLANG_CXX_LIBRARY = "libc++";
				CLANG_ENABLE_MODULES = YES;
				CLANG_ENABLE_OBJC_ARC = YES;
				CLANG_ENABLE_OBJC_WEAK = YES;
				CLANG_WARN_BLOCK_CAPTURE_AUTORELEASING = YES;
				CLANG_WARN_BOOL_CONVERSION = YES;
				CLANG_WARN_COMMA = YES;
				CLANG_WARN_CONSTANT_CONVERSION = YES;
				CLANG_WARN_DEPRECATED_OBJC_IMPLEMENTATIONS = YES;
				CLANG_WARN_DIRECT_OBJC_ISA_USAGE = YES_ERROR;
				CLANG_WARN_DOCUMENTATION_COMMENTS = YES;
				CLANG_WARN_EMPTY_BODY = YES;
				CLANG_WARN_ENUM_CONVERSION = YES;
				CLANG_WARN_INFINITE_RECURSION = YES;
				CLANG_WARN_INT_CONVERSION = YES;
				CLANG_WARN_NON_LITERAL_NULL_CONVERSION = YES;
				CLANG_WARN_OBJC_IMPLICIT_RETAIN_SELF = YES;
				CLANG_WARN_OBJC_LITERAL_CONVERSION = YES;
				CLANG_WARN_OBJC_ROOT_CLASS = YES_ERROR;
				CLANG_WARN_RANGE_LOOP_ANALYSIS = YES;
				CLANG_WARN_STRICT_PROTOTYPES = YES;
				CLANG_WARN_SUSPICIOUS_MOVE = YES;
				CLANG_WARN_UNGUARDED_AVAILABILITY = YES_AGGRESSIVE;
				CLANG_WARN_UNREACHABLE_CODE = YES;
				CLANG_WARN__DUPLICATE_METHOD_MATCH = YES;
				CODE_SIGN_IDENTITY = "iPhone Developer";
				COPY_PHASE_STRIP = NO;
				DEBUG_INFORMATION_FORMAT = "dwarf-with-dsym";
				ENABLE_NS_ASSERTIONS = NO;
				ENABLE_STRICT_OBJC_MSGSEND = YES;
				GCC_C_LANGUAGE_STANDARD = gnu11;
				GCC_NO_COMMON_BLOCKS = YES;
				GCC_WARN_64_TO_32_BIT_CONVERSION = YES;
				GCC_WARN_ABOUT_RETURN_TYPE = YES_ERROR;
				GCC_WARN_UNDECLARED_SELECTOR = YES;
				GCC_WARN_UNINITIALIZED_AUTOS = YES_AGGRESSIVE;
				GCC_WARN_UNUSED_FUNCTION = YES;
				GCC_WARN_UNUSED_VARIABLE = YES;
				IPHONEOS_DEPLOYMENT_TARGET = 11.4;
				MTL_ENABLE_DEBUG_INFO = NO;
				SDKROOT = iphoneos;
				SWIFT_COMPILATION_MODE = wholemodule;
				SWIFT_OPTIMIZATION_LEVEL = "-O";
				VALIDATE_PRODUCT = YES;
			};
			name = Release;
		};
		91466326212C6CC1001EA148 /* Debug */ = {
			isa = XCBuildConfiguration;
			baseConfigurationReference = CF00C515B56E58D0F12818CF /* Pods-StarWarsFans.debug.xcconfig */;
			buildSettings = {
				ASSETCATALOG_COMPILER_APPICON_NAME = AppIcon;
				CODE_SIGN_STYLE = Automatic;
				DEVELOPMENT_TEAM = WBWE4789Z5;
				INFOPLIST_FILE = StarWarsFans/Info.plist;
				LD_RUNPATH_SEARCH_PATHS = (
					"$(inherited)",
					"@executable_path/Frameworks",
				);
				PRODUCT_BUNDLE_IDENTIFIER = com.avelilag.StarWarsFans;
				PRODUCT_NAME = "$(TARGET_NAME)";
				SWIFT_VERSION = 4.0;
				TARGETED_DEVICE_FAMILY = "1,2";
			};
			name = Debug;
		};
		91466327212C6CC1001EA148 /* Release */ = {
			isa = XCBuildConfiguration;
			baseConfigurationReference = 774949EF7A33C7FC0DBA0D23 /* Pods-StarWarsFans.release.xcconfig */;
			buildSettings = {
				ASSETCATALOG_COMPILER_APPICON_NAME = AppIcon;
				CODE_SIGN_STYLE = Automatic;
				DEVELOPMENT_TEAM = WBWE4789Z5;
				INFOPLIST_FILE = StarWarsFans/Info.plist;
				LD_RUNPATH_SEARCH_PATHS = (
					"$(inherited)",
					"@executable_path/Frameworks",
				);
				PRODUCT_BUNDLE_IDENTIFIER = com.avelilag.StarWarsFans;
				PRODUCT_NAME = "$(TARGET_NAME)";
				SWIFT_VERSION = 4.0;
				TARGETED_DEVICE_FAMILY = "1,2";
			};
			name = Release;
		};
/* End XCBuildConfiguration section */

/* Begin XCConfigurationList section */
		9146630E212C6CC0001EA148 /* Build configuration list for PBXProject "StarWarsFans" */ = {
			isa = XCConfigurationList;
			buildConfigurations = (
				91466323212C6CC1001EA148 /* Debug */,
				91466324212C6CC1001EA148 /* Release */,
			);
			defaultConfigurationIsVisible = 0;
			defaultConfigurationName = Release;
		};
		91466325212C6CC1001EA148 /* Build configuration list for PBXNativeTarget "StarWarsFans" */ = {
			isa = XCConfigurationList;
			buildConfigurations = (
				91466326212C6CC1001EA148 /* Debug */,
				91466327212C6CC1001EA148 /* Release */,
			);
			defaultConfigurationIsVisible = 0;
			defaultConfigurationName = Release;
		};
/* End XCConfigurationList section */
	};
	rootObject = 9146630B212C6CC0001EA148 /* Project object */;
}
